// !$*UTF8*$!
{
	archiveVersion = 1;
	classes = {
	};
	objectVersion = 50;
	objects = {

/* Begin PBXBuildFile section */
		DF7C110A2216E5D80030CCE2 /* AppDelegate.swift in Sources */ = {isa = PBXBuildFile; fileRef = DF7C11092216E5D80030CCE2 /* AppDelegate.swift */; };
		DF7C110C2216E5D80030CCE2 /* ViewController.swift in Sources */ = {isa = PBXBuildFile; fileRef = DF7C110B2216E5D80030CCE2 /* ViewController.swift */; };
		DF7C110F2216E5D80030CCE2 /* Main.storyboard in Resources */ = {isa = PBXBuildFile; fileRef = DF7C110D2216E5D80030CCE2 /* Main.storyboard */; };
		DF7C11112216E5DC0030CCE2 /* Assets.xcassets in Resources */ = {isa = PBXBuildFile; fileRef = DF7C11102216E5DC0030CCE2 /* Assets.xcassets */; };
		DF7C11142216E5DC0030CCE2 /* LaunchScreen.storyboard in Resources */ = {isa = PBXBuildFile; fileRef = DF7C11122216E5DC0030CCE2 /* LaunchScreen.storyboard */; };
		DF7C111D2216E60D0030CCE2 /* HLJson.swift in Sources */ = {isa = PBXBuildFile; fileRef = DF7C111C2216E60D0030CCE2 /* HLJson.swift */; };
/* End PBXBuildFile section */

/* Begin PBXFileReference section */
		DF7C11062216E5D80030CCE2 /* HLJsonDemo.app */ = {isa = PBXFileReference; explicitFileType = wrapper.application; includeInIndex = 0; path = HLJsonDemo.app; sourceTree = BUILT_PRODUCTS_DIR; };
		DF7C11092216E5D80030CCE2 /* AppDelegate.swift */ = {isa = PBXFileReference; lastKnownFileType = sourcecode.swift; path = AppDelegate.swift; sourceTree = "<group>"; };
		DF7C110B2216E5D80030CCE2 /* ViewController.swift */ = {isa = PBXFileReference; lastKnownFileType = sourcecode.swift; path = ViewController.swift; sourceTree = "<group>"; };
		DF7C110E2216E5D80030CCE2 /* Base */ = {isa = PBXFileReference; lastKnownFileType = file.storyboard; name = Base; path = Base.lproj/Main.storyboard; sourceTree = "<group>"; };
		DF7C11102216E5DC0030CCE2 /* Assets.xcassets */ = {isa = PBXFileReference; lastKnownFileType = folder.assetcatalog; path = Assets.xcassets; sourceTree = "<group>"; };
		DF7C11132216E5DC0030CCE2 /* Base */ = {isa = PBXFileReference; lastKnownFileType = file.storyboard; name = Base; path = Base.lproj/LaunchScreen.storyboard; sourceTree = "<group>"; };
		DF7C11152216E5DC0030CCE2 /* Info.plist */ = {isa = PBXFileReference; lastKnownFileType = text.plist.xml; path = Info.plist; sourceTree = "<group>"; };
		DF7C111C2216E60D0030CCE2 /* HLJson.swift */ = {isa = PBXFileReference; lastKnownFileType = sourcecode.swift; path = HLJson.swift; sourceTree = "<group>"; };
/* End PBXFileReference section */

/* Begin PBXFrameworksBuildPhase section */
		DF7C11032216E5D80030CCE2 /* Frameworks */ = {
			isa = PBXFrameworksBuildPhase;
			buildActionMask = 2147483647;
			files = (
			);
			runOnlyForDeploymentPostprocessing = 0;
		};
/* End PBXFrameworksBuildPhase section */

/* Begin PBXGroup section */
		DF7C10FD2216E5D80030CCE2 = {
			isa = PBXGroup;
			children = (
				DF7C11082216E5D80030CCE2 /* HLJsonDemo */,
				DF7C11072216E5D80030CCE2 /* Products */,
			);
			sourceTree = "<group>";
		};
		DF7C11072216E5D80030CCE2 /* Products */ = {
			isa = PBXGroup;
			children = (
				DF7C11062216E5D80030CCE2 /* HLJsonDemo.app */,
			);
			name = Products;
			sourceTree = "<group>";
		};
		DF7C11082216E5D80030CCE2 /* HLJsonDemo */ = {
			isa = PBXGroup;
			children = (
				DF7C111B2216E5E30030CCE2 /* HLJson */,
				DF7C11092216E5D80030CCE2 /* AppDelegate.swift */,
				DF7C110B2216E5D80030CCE2 /* ViewController.swift */,
				DF7C110D2216E5D80030CCE2 /* Main.storyboard */,
				DF7C11102216E5DC0030CCE2 /* Assets.xcassets */,
				DF7C11122216E5DC0030CCE2 /* LaunchScreen.storyboard */,
				DF7C11152216E5DC0030CCE2 /* Info.plist */,
			);
			path = HLJsonDemo;
			sourceTree = "<group>";
		};
		DF7C111B2216E5E30030CCE2 /* HLJson */ = {
			isa = PBXGroup;
			children = (
				DF7C111C2216E60D0030CCE2 /* HLJson.swift */,
			);
			path = HLJson;
			sourceTree = "<group>";
		};
/* End PBXGroup section */

/* Begin PBXNativeTarget section */
		DF7C11052216E5D80030CCE2 /* HLJsonDemo */ = {
			isa = PBXNativeTarget;
			buildConfigurationList = DF7C11182216E5DC0030CCE2 /* Build configuration list for PBXNativeTarget "HLJsonDemo" */;
			buildPhases = (
				DF7C11022216E5D80030CCE2 /* Sources */,
				DF7C11032216E5D80030CCE2 /* Frameworks */,
				DF7C11042216E5D80030CCE2 /* Resources */,
			);
			buildRules = (
			);
			dependencies = (
			);
			name = HLJsonDemo;
			productName = HLJsonDemo;
			productReference = DF7C11062216E5D80030CCE2 /* HLJsonDemo.app */;
			productType = "com.apple.product-type.application";
		};
/* End PBXNativeTarget section */

/* Begin PBXProject section */
		DF7C10FE2216E5D80030CCE2 /* Project object */ = {
			isa = PBXProject;
			attributes = {
				LastSwiftUpdateCheck = 1010;
				LastUpgradeCheck = 1010;
				ORGANIZATIONNAME = yuhongli;
				TargetAttributes = {
					DF7C11052216E5D80030CCE2 = {
						CreatedOnToolsVersion = 10.1;
					};
				};
			};
			buildConfigurationList = DF7C11012216E5D80030CCE2 /* Build configuration list for PBXProject "HLJsonDemo" */;
			compatibilityVersion = "Xcode 9.3";
			developmentRegion = en;
			hasScannedForEncodings = 0;
			knownRegions = (
				en,
				Base,
			);
			mainGroup = DF7C10FD2216E5D80030CCE2;
			productRefGroup = DF7C11072216E5D80030CCE2 /* Products */;
			projectDirPath = "";
			projectRoot = "";
			targets = (
				DF7C11052216E5D80030CCE2 /* HLJsonDemo */,
			);
		};
/* End PBXProject section */

/* Begin PBXResourcesBuildPhase section */
		DF7C11042216E5D80030CCE2 /* Resources */ = {
			isa = PBXResourcesBuildPhase;
			buildActionMask = 2147483647;
			files = (
				DF7C11142216E5DC0030CCE2 /* LaunchScreen.storyboard in Resources */,
				DF7C11112216E5DC0030CCE2 /* Assets.xcassets in Resources */,
				DF7C110F2216E5D80030CCE2 /* Main.storyboard in Resources */,
			);
			runOnlyForDeploymentPostprocessing = 0;
		};
/* End PBXResourcesBuildPhase section */

/* Begin PBXSourcesBuildPhase section */
		DF7C11022216E5D80030CCE2 /* Sources */ = {
			isa = PBXSourcesBuildPhase;
			buildActionMask = 2147483647;
			files = (
				DF7C110C2216E5D80030CCE2 /* ViewController.swift in Sources */,
				DF7C110A2216E5D80030CCE2 /* AppDelegate.swift in Sources */,
				DF7C111D2216E60D0030CCE2 /* HLJson.swift in Sources */,
			);
			runOnlyForDeploymentPostprocessing = 0;
		};
/* End PBXSourcesBuildPhase section */

/* Begin PBXVariantGroup section */
		DF7C110D2216E5D80030CCE2 /* Main.storyboard */ = {
			isa = PBXVariantGroup;
			children = (
				DF7C110E2216E5D80030CCE2 /* Base */,
			);
			name = Main.storyboard;
			sourceTree = "<group>";
		};
		DF7C11122216E5DC0030CCE2 /* LaunchScreen.storyboard */ = {
			isa = PBXVariantGroup;
			children = (
				DF7C11132216E5DC0030CCE2 /* Base */,
			);
			name = LaunchScreen.storyboard;
			sourceTree = "<group>";
		};
/* End PBXVariantGroup section */

/* Begin XCBuildConfiguration section */
		DF7C11162216E5DC0030CCE2 /* Debug */ = {
			isa = XCBuildConfiguration;
			buildSettings = {
				ALWAYS_SEARCH_USER_PATHS = NO;
				CLANG_ANALYZER_NONNULL = YES;
				CLANG_ANALYZER_NUMBER_OBJECT_CONVERSION = YES_AGGRESSIVE;
				CLANG_CXX_LANGUAGE_STANDARD = "gnu++14";
				CLANG_CXX_LIBRARY = "libc++";
				CLANG_ENABLE_MODULES = YES;
				CLANG_ENABLE_OBJC_ARC = YES;
				CLANG_ENABLE_OBJC_WEAK = YES;
				CLANG_WARN_BLOCK_CAPTURE_AUTORELEASING = YES;
				CLANG_WARN_BOOL_CONVERSION = YES;
				CLANG_WARN_COMMA = YES;
				CLANG_WARN_CONSTANT_CONVERSION = YES;
				CLANG_WARN_DEPRECATED_OBJC_IMPLEMENTATIONS = YES;
				CLANG_WARN_DIRECT_OBJC_ISA_USAGE = YES_ERROR;
				CLANG_WARN_DOCUMENTATION_COMMENTS = YES;
				CLANG_WARN_EMPTY_BODY = YES;
				CLANG_WARN_ENUM_CONVERSION = YES;
				CLANG_WARN_INFINITE_RECURSION = YES;
				CLANG_WARN_INT_CONVERSION = YES;
				CLANG_WARN_NON_LITERAL_NULL_CONVERSION = YES;
				CLANG_WARN_OBJC_IMPLICIT_RETAIN_SELF = YES;
				CLANG_WARN_OBJC_LITERAL_CONVERSION = YES;
				CLANG_WARN_OBJC_ROOT_CLASS = YES_ERROR;
				CLANG_WARN_RANGE_LOOP_ANALYSIS = YES;
				CLANG_WARN_STRICT_PROTOTYPES = YES;
				CLANG_WARN_SUSPICIOUS_MOVE = YES;
				CLANG_WARN_UNGUARDED_AVAILABILITY = YES_AGGRESSIVE;
				CLANG_WARN_UNREACHABLE_CODE = YES;
				CLANG_WARN__DUPLICATE_METHOD_MATCH = YES;
				CODE_SIGN_IDENTITY = "iPhone Developer";
				COPY_PHASE_STRIP = NO;
				DEBUG_INFORMATION_FORMAT = dwarf;
				ENABLE_STRICT_OBJC_MSGSEND = YES;
				ENABLE_TESTABILITY = YES;
				GCC_C_LANGUAGE_STANDARD = gnu11;
				GCC_DYNAMIC_NO_PIC = NO;
				GCC_NO_COMMON_BLOCKS = YES;
				GCC_OPTIMIZATION_LEVEL = 0;
				GCC_PREPROCESSOR_DEFINITIONS = (
					"DEBUG=1",
					"$(inherited)",
				);
				GCC_WARN_64_TO_32_BIT_CONVERSION = YES;
				GCC_WARN_ABOUT_RETURN_TYPE = YES_ERROR;
				GCC_WARN_UNDECLARED_SELECTOR = YES;
				GCC_WARN_UNINITIALIZED_AUTOS = YES_AGGRESSIVE;
				GCC_WARN_UNUSED_FUNCTION = YES;
				GCC_WARN_UNUSED_VARIABLE = YES;
				IPHONEOS_DEPLOYMENT_TARGET = 12.1;
				MTL_ENABLE_DEBUG_INFO = INCLUDE_SOURCE;
				MTL_FAST_MATH = YES;
				ONLY_ACTIVE_ARCH = YES;
				SDKROOT = iphoneos;
				SWIFT_ACTIVE_COMPILATION_CONDITIONS = DEBUG;
				SWIFT_OPTIMIZATION_LEVEL = "-Onone";
			};
			name = Debug;
		};
		DF7C11172216E5DC0030CCE2 /* Release */ = {
			isa = XCBuildConfiguration;
			buildSettings = {
				ALWAYS_SEARCH_USER_PATHS = NO;
				CLANG_ANALYZER_NONNULL = YES;
				CLANG_ANALYZER_NUMBER_OBJECT_CONVERSION = YES_AGGRESSIVE;
				CLANG_CXX_LANGUAGE_STANDARD = "gnu++14";
				CLANG_CXX_LIBRARY = "libc++";
				CLANG_ENABLE_MODULES = YES;
				CLANG_ENABLE_OBJC_ARC = YES;
				CLANG_ENABLE_OBJC_WEAK = YES;
				CLANG_WARN_BLOCK_CAPTURE_AUTORELEASING = YES;
				CLANG_WARN_BOOL_CONVERSION = YES;
				CLANG_WARN_COMMA = YES;
				CLANG_WARN_CONSTANT_CONVERSION = YES;
				CLANG_WARN_DEPRECATED_OBJC_IMPLEMENTATIONS = YES;
				CLANG_WARN_DIRECT_OBJC_ISA_USAGE = YES_ERROR;
				CLANG_WARN_DOCUMENTATION_COMMENTS = YES;
				CLANG_WARN_EMPTY_BODY = YES;
				CLANG_WARN_ENUM_CONVERSION = YES;
				CLANG_WARN_INFINITE_RECURSION = YES;
				CLANG_WARN_INT_CONVERSION = YES;
				CLANG_WARN_NON_LITERAL_NULL_CONVERSION = YES;
				CLANG_WARN_OBJC_IMPLICIT_RETAIN_SELF = YES;
				CLANG_WARN_OBJC_LITERAL_CONVERSION = YES;
				CLANG_WARN_OBJC_ROOT_CLASS = YES_ERROR;
				CLANG_WARN_RANGE_LOOP_ANALYSIS = YES;
				CLANG_WARN_STRICT_PROTOTYPES = YES;
				CLANG_WARN_SUSPICIOUS_MOVE = YES;
				CLANG_WARN_UNGUARDED_AVAILABILITY = YES_AGGRESSIVE;
				CLANG_WARN_UNREACHABLE_CODE = YES;
				CLANG_WARN__DUPLICATE_METHOD_MATCH = YES;
				CODE_SIGN_IDENTITY = "iPhone Developer";
				COPY_PHASE_STRIP = NO;
				DEBUG_INFORMATION_FORMAT = "dwarf-with-dsym";
				ENABLE_NS_ASSERTIONS = NO;
				ENABLE_STRICT_OBJC_MSGSEND = YES;
				GCC_C_LANGUAGE_STANDARD = gnu11;
				GCC_NO_COMMON_BLOCKS = YES;
				GCC_WARN_64_TO_32_BIT_CONVERSION = YES;
				GCC_WARN_ABOUT_RETURN_TYPE = YES_ERROR;
				GCC_WARN_UNDECLARED_SELECTOR = YES;
				GCC_WARN_UNINITIALIZED_AUTOS = YES_AGGRESSIVE;
				GCC_WARN_UNUSED_FUNCTION = YES;
				GCC_WARN_UNUSED_VARIABLE = YES;
				IPHONEOS_DEPLOYMENT_TARGET = 12.1;
				MTL_ENABLE_DEBUG_INFO = NO;
				MTL_FAST_MATH = YES;
				SDKROOT = iphoneos;
				SWIFT_COMPILATION_MODE = wholemodule;
				SWIFT_OPTIMIZATION_LEVEL = "-O";
				VALIDATE_PRODUCT = YES;
			};
			name = Release;
		};
		DF7C11192216E5DC0030CCE2 /* Debug */ = {
			isa = XCBuildConfiguration;
			buildSettings = {
				ASSETCATALOG_COMPILER_APPICON_NAME = AppIcon;
				CODE_SIGN_STYLE = Automatic;
				INFOPLIST_FILE = HLJsonDemo/Info.plist;
				LD_RUNPATH_SEARCH_PATHS = (
					"$(inherited)",
					"@executable_path/Frameworks",
				);
				PRODUCT_BUNDLE_IDENTIFIER = yhl.HLJsonDemo;
				PRODUCT_NAME = "$(TARGET_NAME)";
				SWIFT_VERSION = 4.2;
				TARGETED_DEVICE_FAMILY = "1,2";
			};
			name = Debug;
		};
		DF7C111A2216E5DC0030CCE2 /* Release */ = {
			isa = XCBuildConfiguration;
			buildSettings = {
				ASSETCATALOG_COMPILER_APPICON_NAME = AppIcon;
				CODE_SIGN_STYLE = Automatic;
				INFOPLIST_FILE = HLJsonDemo/Info.plist;
				LD_RUNPATH_SEARCH_PATHS = (
					"$(inherited)",
					"@executable_path/Frameworks",
				);
				PRODUCT_BUNDLE_IDENTIFIER = yhl.HLJsonDemo;
				PRODUCT_NAME = "$(TARGET_NAME)";
				SWIFT_VERSION = 4.2;
				TARGETED_DEVICE_FAMILY = "1,2";
			};
			name = Release;
		};
/* End XCBuildConfiguration section */

/* Begin XCConfigurationList section */
		DF7C11012216E5D80030CCE2 /* Build configuration list for PBXProject "HLJsonDemo" */ = {
			isa = XCConfigurationList;
			buildConfigurations = (
				DF7C11162216E5DC0030CCE2 /* Debug */,
				DF7C11172216E5DC0030CCE2 /* Release */,
			);
			defaultConfigurationIsVisible = 0;
			defaultConfigurationName = Release;
		};
		DF7C11182216E5DC0030CCE2 /* Build configuration list for PBXNativeTarget "HLJsonDemo" */ = {
			isa = XCConfigurationList;
			buildConfigurations = (
				DF7C11192216E5DC0030CCE2 /* Debug */,
				DF7C111A2216E5DC0030CCE2 /* Release */,
			);
			defaultConfigurationIsVisible = 0;
			defaultConfigurationName = Release;
		};
/* End XCConfigurationList section */
	};
	rootObject = DF7C10FE2216E5D80030CCE2 /* Project object */;
}
